# This file is automatically @generated by Cargo.
# It is not intended for manual editing.
version = 3

[[package]]
name = "algos"
version = "0.1.0"
dependencies = [
 "utils",
]

[[package]]
name = "utils"
version = "0.1.0"
source = "git+https://github.com/johnietre/utils#06eac53df56f585bc6fd65f5d76c5c28e221c4e1"
